
Microsoft Visual Studio Solution File, Format Version 12.00
# Visual Studio Version 17
VisualStudioVersion = 17.9.34723.18
MinimumVisualStudioVersion = 10.0.40219.1
Project("{9A19103F-16F7-4668-BE54-9A1E7A4F7556}") = "POXO.Gen.Core", "src\POXO.Gen.Core\POXO.Gen.Core.csproj", "{5AAC311C-4316-4403-87B5-CAEC3DE04F16}"
EndProject
Project("{9A19103F-16F7-4668-BE54-9A1E7A4F7556}") = "POXO.Gen.WindowsForm", "src\POXO.Gen\POXO.Gen.WindowsForm.csproj", "{95BC0448-6BED-4317-839F-24C2FE7ACAFD}"
EndProject
Global
	GlobalSection(SolutionConfigurationPlatforms) = preSolution
		Debug|Any CPU = Debug|Any CPU
		Release|Any CPU = Release|Any CPU
	EndGlobalSection
	GlobalSection(ProjectConfigurationPlatforms) = postSolution
		{5AAC311C-4316-4403-87B5-CAEC3DE04F16}.Debug|Any CPU.ActiveCfg = Debug|Any CPU
		{5AAC311C-4316-4403-87B5-CAEC3DE04F16}.Debug|Any CPU.Build.0 = Debug|Any CPU
		{5AAC311C-4316-4403-87B5-CAEC3DE04F16}.Release|Any CPU.ActiveCfg = Release|Any CPU
		{5AAC311C-4316-4403-87B5-CAEC3DE04F16}.Release|Any CPU.Build.0 = Release|Any CPU
		{95BC0448-6BED-4317-839F-24C2FE7ACAFD}.Debug|Any CPU.ActiveCfg = Debug|Any CPU
		{95BC0448-6BED-4317-839F-24C2FE7ACAFD}.Debug|Any CPU.Build.0 = Debug|Any CPU
		{95BC0448-6BED-4317-839F-24C2FE7ACAFD}.Release|Any CPU.ActiveCfg = Release|Any CPU
		{95BC0448-6BED-4317-839F-24C2FE7ACAFD}.Release|Any CPU.Build.0 = Release|Any CPU
	EndGlobalSection
	GlobalSection(SolutionProperties) = preSolution
		HideSolutionNode = FALSE
	EndGlobalSection
	GlobalSection(ExtensibilityGlobals) = postSolution
		SolutionGuid = {6E42A695-02DB-4031-8252-39EDCFF660F2}
	EndGlobalSection
EndGlobal
